<?xml version="1.0" encoding="utf-8"?>
<Project ToolsVersion="4.0" xmlns="http://schemas.microsoft.com/developer/msbuild/2003">
  <ItemGroup>
    <Filter Include="Source Files">
      <UniqueIdentifier>{4FC737F1-C7A5-4376-A066-2A32D752A2FF}</UniqueIdentifier>
      <Extensions>cpp;c;cc;cxx;c++;cppm;ixx;def;odl;idl;hpj;bat;asm;asmx</Extensions>
    </Filter>
    <Filter Include="Header Files">
      <UniqueIdentifier>{93995380-89BD-4b04-88EB-625FBE52EBFB}</UniqueIdentifier>
      <Extensions>h;hh;hpp;hxx;h++;hm;inl;inc;ipp;xsd</Extensions>
    </Filter>
    <Filter Include="Resource Files">
      <UniqueIdentifier>{67DA6AB6-F800-4c08-8B7A-83BB121AAD01}</UniqueIdentifier>
      <Extensions>rc;ico;cur;bmp;dlg;rc2;rct;bin;rgs;gif;jpg;jpeg;jpe;resx;tiff;tif;png;wav;mfcribbon-ms</Extensions>
    </Filter>
    <Filter Include="backend">
      <UniqueIdentifier>{9A5B8022-D5E3-4B8C-9F6D-3D2E5A8B9C10}</UniqueIdentifier>
    </Filter>
    <Filter Include="frontend">
      <UniqueIdentifier>{B2A8C7F1-E6D4-4F5B-8A9C-7E4D1B3F2A09}</UniqueIdentifier>
    </Filter>
  </ItemGroup>
  <ItemGroup>
    <ClInclude Include="backend\Pawn.h">
      <Filter>backend</Filter>
    </ClInclude>
    <ClInclude Include="backend\Rook.h">
      <Filter>backend</Filter>
    </ClInclude>
    <ClInclude Include="backend\Knight.h">
      <Filter>backend</Filter>
    </ClInclude>
    <ClInclude Include="backend\Bishop.h">
      <Filter>backend</Filter>
    </ClInclude>
    <ClInclude Include="backend\Queen.h">
      <Filter>backend</Filter>
    </ClInclude>
    <ClInclude Include="backend\King.h">
      <Filter>backend</Filter>
    </ClInclude>
    <ClInclude Include="backend\Board.h">
      <Filter>backend</Filter>
    </ClInclude>
    <ClInclude Include="backend\Piece.h">
      <Filter>backend</Filter>
    </ClInclude>
    <ClInclude Include="backend\PieceFactory.h">
      <Filter>backend</Filter>
    </ClInclude>
    <ClInclude Include="backend\Utils.h">
      <Filter>backend</Filter>
    </ClInclude>
    <ClInclude Include="backend\Common.h">
      <Filter>backend</Filter>
    </ClInclude>
    <ClInclude Include="backend\Move.h">
      <Filter>backend</Filter>
    </ClInclude>
  </ItemGroup>
  <ItemGroup>
    <ClCompile Include="backend\Piece.cpp">
      <Filter>backend</Filter>
    </ClCompile>
    <ClCompile Include="backend\Pawn.cpp">
      <Filter>backend</Filter>
    </ClCompile>
    <ClCompile Include="backend\Rook.cpp">
      <Filter>backend</Filter>
    </ClCompile>
    <ClCompile Include="backend\Knight.cpp">
      <Filter>backend</Filter>
    </ClCompile>
    <ClCompile Include="backend\Bishop.cpp">
      <Filter>backend</Filter>
    </ClCompile>
    <ClCompile Include="backend\Queen.cpp">
      <Filter>backend</Filter>
    </ClCompile>
    <ClCompile Include="backend\King.cpp">
      <Filter>backend</Filter>
    </ClCompile>
    <ClCompile Include="backend\Board.cpp">
      <Filter>backend</Filter>
    </ClCompile>
    <ClCompile Include="frontend\main.cpp">
      <Filter>frontend</Filter>
    </ClCompile>
    <ClCompile Include="frontend\MainWindow.cpp">
      <Filter>frontend</Filter>
    </ClCompile>
    <ClCompile Include="backend\PieceFactory.cpp">
      <Filter>backend</Filter>
    </ClCompile>
  </ItemGroup>
  <ItemGroup>
    <QtMoc Include="frontend\MainWindow.h">
      <Filter>frontend</Filter>
    </QtMoc>
  </ItemGroup>
  <ItemGroup>
    <QtUic Include="frontend\MainWindow.ui">
      <Filter>frontend</Filter>
    </QtUic>
  </ItemGroup>
</Project>